# THIS IS AN AUTOGENERATED FILE. DO NOT EDIT THIS FILE DIRECTLY.
# yarn lockfile v1


typescript@^4.9.4:
  version "4.9.4"
  resolved "https://registry.yarnpkg.com/typescript/-/typescript-4.9.4.tgz#a2a3d2756c079abda241d75f149df9d561091e78"
  integrity sha512-Uz+dTXYzxXXbsFpM86Wh3dKCxrQqUcVMxwU54orwlJjOpO3ao8L7j5lH+dWfTwgCwIuM9GQ2kvVotzYJMXTBZg==

yaml@^2.2.0:
  version "2.2.0"
  resolved "https://registry.yarnpkg.com/yaml/-/yaml-2.2.0.tgz#882c762992888b4144bffdec5745df340627fdd3"
  integrity sha512-auf7Gi6QwO7HW//GA9seGvTXVGWl1CM/ADWh1+RxtXr6XOxnT65ovDl9fTi4e0monEyJxCHqDpF6QnFDXmJE4g==
